// !$*UTF8*$!
{
	archiveVersion = 1;
	classes = {
	};
	objectVersion = 50;
	objects = {

/* Begin PBXBuildFile section */
		9F94A60624FD6EC6005886F1 /* CustomSegmentView.swift in Sources */ = {isa = PBXBuildFile; fileRef = 9F94A60524FD6EC6005886F1 /* CustomSegmentView.swift */; };
		9F94A60824FD6F9F005886F1 /* CustomBaseView.swift in Sources */ = {isa = PBXBuildFile; fileRef = 9F94A60724FD6F9F005886F1 /* CustomBaseView.swift */; };
		9F94A60B24FD70E3005886F1 /* BaseCollectionCell.swift in Sources */ = {isa = PBXBuildFile; fileRef = 9F94A60A24FD70E3005886F1 /* BaseCollectionCell.swift */; };
		9F94A60D24FD70F9005886F1 /* TopGamesCollectionViewCell.swift in Sources */ = {isa = PBXBuildFile; fileRef = 9F94A60C24FD70F9005886F1 /* TopGamesCollectionViewCell.swift */; };
		9F94A60F24FD7222005886F1 /* GradientView.swift in Sources */ = {isa = PBXBuildFile; fileRef = 9F94A60E24FD7222005886F1 /* GradientView.swift */; };
		9F94A61124FD75D2005886F1 /* NextGamesCollectionViewCell.swift in Sources */ = {isa = PBXBuildFile; fileRef = 9F94A61024FD75D2005886F1 /* NextGamesCollectionViewCell.swift */; };
		9F94A61424FD76A3005886F1 /* NextGameCardCollectionViewCell.swift in Sources */ = {isa = PBXBuildFile; fileRef = 9F94A61324FD76A3005886F1 /* NextGameCardCollectionViewCell.swift */; };
		9FEEB8C024FD518D0058F3D3 /* AppDelegate.swift in Sources */ = {isa = PBXBuildFile; fileRef = 9FEEB8BF24FD518D0058F3D3 /* AppDelegate.swift */; };
		9FEEB8C224FD518D0058F3D3 /* SceneDelegate.swift in Sources */ = {isa = PBXBuildFile; fileRef = 9FEEB8C124FD518D0058F3D3 /* SceneDelegate.swift */; };
		9FEEB8C424FD518D0058F3D3 /* HomeVC.swift in Sources */ = {isa = PBXBuildFile; fileRef = 9FEEB8C324FD518D0058F3D3 /* HomeVC.swift */; };
		9FEEB8C724FD518D0058F3D3 /* Main.storyboard in Resources */ = {isa = PBXBuildFile; fileRef = 9FEEB8C524FD518D0058F3D3 /* Main.storyboard */; };
		9FEEB8C924FD51900058F3D3 /* Assets.xcassets in Resources */ = {isa = PBXBuildFile; fileRef = 9FEEB8C824FD51900058F3D3 /* Assets.xcassets */; };
		9FEEB8CC24FD51900058F3D3 /* LaunchScreen.storyboard in Resources */ = {isa = PBXBuildFile; fileRef = 9FEEB8CA24FD51900058F3D3 /* LaunchScreen.storyboard */; };
		9FEEB8D824FD51DC0058F3D3 /* UILabel.swift in Sources */ = {isa = PBXBuildFile; fileRef = 9FEEB8D624FD51DB0058F3D3 /* UILabel.swift */; };
		9FEEB8D924FD51DC0058F3D3 /* ExtensionUivew.swift in Sources */ = {isa = PBXBuildFile; fileRef = 9FEEB8D724FD51DB0058F3D3 /* ExtensionUivew.swift */; };
/* End PBXBuildFile section */

/* Begin PBXFileReference section */
		9F94A60524FD6EC6005886F1 /* CustomSegmentView.swift */ = {isa = PBXFileReference; lastKnownFileType = sourcecode.swift; path = CustomSegmentView.swift; sourceTree = "<group>"; };
		9F94A60724FD6F9F005886F1 /* CustomBaseView.swift */ = {isa = PBXFileReference; lastKnownFileType = sourcecode.swift; path = CustomBaseView.swift; sourceTree = "<group>"; };
		9F94A60A24FD70E3005886F1 /* BaseCollectionCell.swift */ = {isa = PBXFileReference; lastKnownFileType = sourcecode.swift; path = BaseCollectionCell.swift; sourceTree = "<group>"; };
		9F94A60C24FD70F9005886F1 /* TopGamesCollectionViewCell.swift */ = {isa = PBXFileReference; lastKnownFileType = sourcecode.swift; path = TopGamesCollectionViewCell.swift; sourceTree = "<group>"; };
		9F94A60E24FD7222005886F1 /* GradientView.swift */ = {isa = PBXFileReference; lastKnownFileType = sourcecode.swift; path = GradientView.swift; sourceTree = "<group>"; };
		9F94A61024FD75D2005886F1 /* NextGamesCollectionViewCell.swift */ = {isa = PBXFileReference; lastKnownFileType = sourcecode.swift; path = NextGamesCollectionViewCell.swift; sourceTree = "<group>"; };
		9F94A61324FD76A3005886F1 /* NextGameCardCollectionViewCell.swift */ = {isa = PBXFileReference; lastKnownFileType = sourcecode.swift; path = NextGameCardCollectionViewCell.swift; sourceTree = "<group>"; };
		9FEEB8BC24FD518D0058F3D3 /* Game Explorer Design.app */ = {isa = PBXFileReference; explicitFileType = wrapper.application; includeInIndex = 0; path = "Game Explorer Design.app"; sourceTree = BUILT_PRODUCTS_DIR; };
		9FEEB8BF24FD518D0058F3D3 /* AppDelegate.swift */ = {isa = PBXFileReference; lastKnownFileType = sourcecode.swift; path = AppDelegate.swift; sourceTree = "<group>"; };
		9FEEB8C124FD518D0058F3D3 /* SceneDelegate.swift */ = {isa = PBXFileReference; lastKnownFileType = sourcecode.swift; path = SceneDelegate.swift; sourceTree = "<group>"; };
		9FEEB8C324FD518D0058F3D3 /* HomeVC.swift */ = {isa = PBXFileReference; lastKnownFileType = sourcecode.swift; path = HomeVC.swift; sourceTree = "<group>"; };
		9FEEB8C624FD518D0058F3D3 /* Base */ = {isa = PBXFileReference; lastKnownFileType = file.storyboard; name = Base; path = Base.lproj/Main.storyboard; sourceTree = "<group>"; };
		9FEEB8C824FD51900058F3D3 /* Assets.xcassets */ = {isa = PBXFileReference; lastKnownFileType = folder.assetcatalog; path = Assets.xcassets; sourceTree = "<group>"; };
		9FEEB8CB24FD51900058F3D3 /* Base */ = {isa = PBXFileReference; lastKnownFileType = file.storyboard; name = Base; path = Base.lproj/LaunchScreen.storyboard; sourceTree = "<group>"; };
		9FEEB8CD24FD51900058F3D3 /* Info.plist */ = {isa = PBXFileReference; lastKnownFileType = text.plist.xml; path = Info.plist; sourceTree = "<group>"; };
		9FEEB8D624FD51DB0058F3D3 /* UILabel.swift */ = {isa = PBXFileReference; fileEncoding = 4; lastKnownFileType = sourcecode.swift; path = UILabel.swift; sourceTree = "<group>"; };
		9FEEB8D724FD51DB0058F3D3 /* ExtensionUivew.swift */ = {isa = PBXFileReference; fileEncoding = 4; lastKnownFileType = sourcecode.swift; path = ExtensionUivew.swift; sourceTree = "<group>"; };
/* End PBXFileReference section */

/* Begin PBXFrameworksBuildPhase section */
		9FEEB8B924FD518D0058F3D3 /* Frameworks */ = {
			isa = PBXFrameworksBuildPhase;
			buildActionMask = 2147483647;
			files = (
			);
			runOnlyForDeploymentPostprocessing = 0;
		};
/* End PBXFrameworksBuildPhase section */

/* Begin PBXGroup section */
		9F94A60924FD70CC005886F1 /* cell */ = {
			isa = PBXGroup;
			children = (
				9F94A60A24FD70E3005886F1 /* BaseCollectionCell.swift */,
				9F94A60C24FD70F9005886F1 /* TopGamesCollectionViewCell.swift */,
				9F94A61224FD769A005886F1 /* next game */,
			);
			path = cell;
			sourceTree = "<group>";
		};
		9F94A61224FD769A005886F1 /* next game */ = {
			isa = PBXGroup;
			children = (
				9F94A61024FD75D2005886F1 /* NextGamesCollectionViewCell.swift */,
				9F94A61324FD76A3005886F1 /* NextGameCardCollectionViewCell.swift */,
			);
			path = "next game";
			sourceTree = "<group>";
		};
		9FEEB8B324FD518D0058F3D3 = {
			isa = PBXGroup;
			children = (
				9FEEB8BE24FD518D0058F3D3 /* Game Explorer Design */,
				9FEEB8BD24FD518D0058F3D3 /* Products */,
			);
			sourceTree = "<group>";
		};
		9FEEB8BD24FD518D0058F3D3 /* Products */ = {
			isa = PBXGroup;
			children = (
				9FEEB8BC24FD518D0058F3D3 /* Game Explorer Design.app */,
			);
			name = Products;
			sourceTree = "<group>";
		};
		9FEEB8BE24FD518D0058F3D3 /* Game Explorer Design */ = {
			isa = PBXGroup;
			children = (
				9FEEB8BF24FD518D0058F3D3 /* AppDelegate.swift */,
				9FEEB8C124FD518D0058F3D3 /* SceneDelegate.swift */,
				9FEEB8D524FD51BE0058F3D3 /* utitlites */,
				9FEEB8D424FD51B70058F3D3 /* view */,
				9FEEB8D324FD51AE0058F3D3 /* controller */,
				9FEEB8C524FD518D0058F3D3 /* Main.storyboard */,
				9FEEB8C824FD51900058F3D3 /* Assets.xcassets */,
				9FEEB8CA24FD51900058F3D3 /* LaunchScreen.storyboard */,
				9FEEB8CD24FD51900058F3D3 /* Info.plist */,
			);
			path = "Game Explorer Design";
			sourceTree = "<group>";
		};
		9FEEB8D324FD51AE0058F3D3 /* controller */ = {
			isa = PBXGroup;
			children = (
				9FEEB8C324FD518D0058F3D3 /* HomeVC.swift */,
			);
			path = controller;
			sourceTree = "<group>";
		};
		9FEEB8D424FD51B70058F3D3 /* view */ = {
			isa = PBXGroup;
			children = (
				9F94A60924FD70CC005886F1 /* cell */,
				9F94A60724FD6F9F005886F1 /* CustomBaseView.swift */,
				9F94A60524FD6EC6005886F1 /* CustomSegmentView.swift */,
				9F94A60E24FD7222005886F1 /* GradientView.swift */,
			);
			path = view;
			sourceTree = "<group>";
		};
		9FEEB8D524FD51BE0058F3D3 /* utitlites */ = {
			isa = PBXGroup;
			children = (
				9FEEB8D724FD51DB0058F3D3 /* ExtensionUivew.swift */,
				9FEEB8D624FD51DB0058F3D3 /* UILabel.swift */,
			);
			path = utitlites;
			sourceTree = "<group>";
		};
/* End PBXGroup section */

/* Begin PBXNativeTarget section */
		9FEEB8BB24FD518D0058F3D3 /* Game Explorer Design */ = {
			isa = PBXNativeTarget;
			buildConfigurationList = 9FEEB8D024FD51900058F3D3 /* Build configuration list for PBXNativeTarget "Game Explorer Design" */;
			buildPhases = (
				9FEEB8B824FD518D0058F3D3 /* Sources */,
				9FEEB8B924FD518D0058F3D3 /* Frameworks */,
				9FEEB8BA24FD518D0058F3D3 /* Resources */,
			);
			buildRules = (
			);
			dependencies = (
			);
			name = "Game Explorer Design";
			productName = "Game Explorer Design";
			productReference = 9FEEB8BC24FD518D0058F3D3 /* Game Explorer Design.app */;
			productType = "com.apple.product-type.application";
		};
/* End PBXNativeTarget section */

/* Begin PBXProject section */
		9FEEB8B424FD518D0058F3D3 /* Project object */ = {
			isa = PBXProject;
			attributes = {
				LastSwiftUpdateCheck = 1140;
				LastUpgradeCheck = 1140;
				ORGANIZATIONNAME = Hossam;
				TargetAttributes = {
					9FEEB8BB24FD518D0058F3D3 = {
						CreatedOnToolsVersion = 11.4;
					};
				};
			};
			buildConfigurationList = 9FEEB8B724FD518D0058F3D3 /* Build configuration list for PBXProject "Game Explorer Design" */;
			compatibilityVersion = "Xcode 9.3";
			developmentRegion = en;
			hasScannedForEncodings = 0;
			knownRegions = (
				en,
				Base,
			);
			mainGroup = 9FEEB8B324FD518D0058F3D3;
			productRefGroup = 9FEEB8BD24FD518D0058F3D3 /* Products */;
			projectDirPath = "";
			projectRoot = "";
			targets = (
				9FEEB8BB24FD518D0058F3D3 /* Game Explorer Design */,
			);
		};
/* End PBXProject section */

/* Begin PBXResourcesBuildPhase section */
		9FEEB8BA24FD518D0058F3D3 /* Resources */ = {
			isa = PBXResourcesBuildPhase;
			buildActionMask = 2147483647;
			files = (
				9FEEB8CC24FD51900058F3D3 /* LaunchScreen.storyboard in Resources */,
				9FEEB8C924FD51900058F3D3 /* Assets.xcassets in Resources */,
				9FEEB8C724FD518D0058F3D3 /* Main.storyboard in Resources */,
			);
			runOnlyForDeploymentPostprocessing = 0;
		};
/* End PBXResourcesBuildPhase section */

/* Begin PBXSourcesBuildPhase section */
		9FEEB8B824FD518D0058F3D3 /* Sources */ = {
			isa = PBXSourcesBuildPhase;
			buildActionMask = 2147483647;
			files = (
				9FEEB8C424FD518D0058F3D3 /* HomeVC.swift in Sources */,
				9F94A61424FD76A3005886F1 /* NextGameCardCollectionViewCell.swift in Sources */,
				9F94A60824FD6F9F005886F1 /* CustomBaseView.swift in Sources */,
				9F94A60F24FD7222005886F1 /* GradientView.swift in Sources */,
				9F94A60B24FD70E3005886F1 /* BaseCollectionCell.swift in Sources */,
				9F94A61124FD75D2005886F1 /* NextGamesCollectionViewCell.swift in Sources */,
				9F94A60624FD6EC6005886F1 /* CustomSegmentView.swift in Sources */,
				9FEEB8D924FD51DC0058F3D3 /* ExtensionUivew.swift in Sources */,
				9FEEB8C024FD518D0058F3D3 /* AppDelegate.swift in Sources */,
				9FEEB8D824FD51DC0058F3D3 /* UILabel.swift in Sources */,
				9F94A60D24FD70F9005886F1 /* TopGamesCollectionViewCell.swift in Sources */,
				9FEEB8C224FD518D0058F3D3 /* SceneDelegate.swift in Sources */,
			);
			runOnlyForDeploymentPostprocessing = 0;
		};
/* End PBXSourcesBuildPhase section */

/* Begin PBXVariantGroup section */
		9FEEB8C524FD518D0058F3D3 /* Main.storyboard */ = {
			isa = PBXVariantGroup;
			children = (
				9FEEB8C624FD518D0058F3D3 /* Base */,
			);
			name = Main.storyboard;
			sourceTree = "<group>";
		};
		9FEEB8CA24FD51900058F3D3 /* LaunchScreen.storyboard */ = {
			isa = PBXVariantGroup;
			children = (
				9FEEB8CB24FD51900058F3D3 /* Base */,
			);
			name = LaunchScreen.storyboard;
			sourceTree = "<group>";
		};
/* End PBXVariantGroup section */

/* Begin XCBuildConfiguration section */
		9FEEB8CE24FD51900058F3D3 /* Debug */ = {
			isa = XCBuildConfiguration;
			buildSettings = {
				ALWAYS_SEARCH_USER_PATHS = NO;
				CLANG_ANALYZER_NONNULL = YES;
				CLANG_ANALYZER_NUMBER_OBJECT_CONVERSION = YES_AGGRESSIVE;
				CLANG_CXX_LANGUAGE_STANDARD = "gnu++14";
				CLANG_CXX_LIBRARY = "libc++";
				CLANG_ENABLE_MODULES = YES;
				CLANG_ENABLE_OBJC_ARC = YES;
				CLANG_ENABLE_OBJC_WEAK = YES;
				CLANG_WARN_BLOCK_CAPTURE_AUTORELEASING = YES;
				CLANG_WARN_BOOL_CONVERSION = YES;
				CLANG_WARN_COMMA = YES;
				CLANG_WARN_CONSTANT_CONVERSION = YES;
				CLANG_WARN_DEPRECATED_OBJC_IMPLEMENTATIONS = YES;
				CLANG_WARN_DIRECT_OBJC_ISA_USAGE = YES_ERROR;
				CLANG_WARN_DOCUMENTATION_COMMENTS = YES;
				CLANG_WARN_EMPTY_BODY = YES;
				CLANG_WARN_ENUM_CONVERSION = YES;
				CLANG_WARN_INFINITE_RECURSION = YES;
				CLANG_WARN_INT_CONVERSION = YES;
				CLANG_WARN_NON_LITERAL_NULL_CONVERSION = YES;
				CLANG_WARN_OBJC_IMPLICIT_RETAIN_SELF = YES;
				CLANG_WARN_OBJC_LITERAL_CONVERSION = YES;
				CLANG_WARN_OBJC_ROOT_CLASS = YES_ERROR;
				CLANG_WARN_RANGE_LOOP_ANALYSIS = YES;
				CLANG_WARN_STRICT_PROTOTYPES = YES;
				CLANG_WARN_SUSPICIOUS_MOVE = YES;
				CLANG_WARN_UNGUARDED_AVAILABILITY = YES_AGGRESSIVE;
				CLANG_WARN_UNREACHABLE_CODE = YES;
				CLANG_WARN__DUPLICATE_METHOD_MATCH = YES;
				COPY_PHASE_STRIP = NO;
				DEBUG_INFORMATION_FORMAT = dwarf;
				ENABLE_STRICT_OBJC_MSGSEND = YES;
				ENABLE_TESTABILITY = YES;
				GCC_C_LANGUAGE_STANDARD = gnu11;
				GCC_DYNAMIC_NO_PIC = NO;
				GCC_NO_COMMON_BLOCKS = YES;
				GCC_OPTIMIZATION_LEVEL = 0;
				GCC_PREPROCESSOR_DEFINITIONS = (
					"DEBUG=1",
					"$(inherited)",
				);
				GCC_WARN_64_TO_32_BIT_CONVERSION = YES;
				GCC_WARN_ABOUT_RETURN_TYPE = YES_ERROR;
				GCC_WARN_UNDECLARED_SELECTOR = YES;
				GCC_WARN_UNINITIALIZED_AUTOS = YES_AGGRESSIVE;
				GCC_WARN_UNUSED_FUNCTION = YES;
				GCC_WARN_UNUSED_VARIABLE = YES;
				IPHONEOS_DEPLOYMENT_TARGET = 13.4;
				MTL_ENABLE_DEBUG_INFO = INCLUDE_SOURCE;
				MTL_FAST_MATH = YES;
				ONLY_ACTIVE_ARCH = YES;
				SDKROOT = iphoneos;
				SWIFT_ACTIVE_COMPILATION_CONDITIONS = DEBUG;
				SWIFT_OPTIMIZATION_LEVEL = "-Onone";
			};
			name = Debug;
		};
		9FEEB8CF24FD51900058F3D3 /* Release */ = {
			isa = XCBuildConfiguration;
			buildSettings = {
				ALWAYS_SEARCH_USER_PATHS = NO;
				CLANG_ANALYZER_NONNULL = YES;
				CLANG_ANALYZER_NUMBER_OBJECT_CONVERSION = YES_AGGRESSIVE;
				CLANG_CXX_LANGUAGE_STANDARD = "gnu++14";
				CLANG_CXX_LIBRARY = "libc++";
				CLANG_ENABLE_MODULES = YES;
				CLANG_ENABLE_OBJC_ARC = YES;
				CLANG_ENABLE_OBJC_WEAK = YES;
				CLANG_WARN_BLOCK_CAPTURE_AUTORELEASING = YES;
				CLANG_WARN_BOOL_CONVERSION = YES;
				CLANG_WARN_COMMA = YES;
				CLANG_WARN_CONSTANT_CONVERSION = YES;
				CLANG_WARN_DEPRECATED_OBJC_IMPLEMENTATIONS = YES;
				CLANG_WARN_DIRECT_OBJC_ISA_USAGE = YES_ERROR;
				CLANG_WARN_DOCUMENTATION_COMMENTS = YES;
				CLANG_WARN_EMPTY_BODY = YES;
				CLANG_WARN_ENUM_CONVERSION = YES;
				CLANG_WARN_INFINITE_RECURSION = YES;
				CLANG_WARN_INT_CONVERSION = YES;
				CLANG_WARN_NON_LITERAL_NULL_CONVERSION = YES;
				CLANG_WARN_OBJC_IMPLICIT_RETAIN_SELF = YES;
				CLANG_WARN_OBJC_LITERAL_CONVERSION = YES;
				CLANG_WARN_OBJC_ROOT_CLASS = YES_ERROR;
				CLANG_WARN_RANGE_LOOP_ANALYSIS = YES;
				CLANG_WARN_STRICT_PROTOTYPES = YES;
				CLANG_WARN_SUSPICIOUS_MOVE = YES;
				CLANG_WARN_UNGUARDED_AVAILABILITY = YES_AGGRESSIVE;
				CLANG_WARN_UNREACHABLE_CODE = YES;
				CLANG_WARN__DUPLICATE_METHOD_MATCH = YES;
				COPY_PHASE_STRIP = NO;
				DEBUG_INFORMATION_FORMAT = "dwarf-with-dsym";
				ENABLE_NS_ASSERTIONS = NO;
				ENABLE_STRICT_OBJC_MSGSEND = YES;
				GCC_C_LANGUAGE_STANDARD = gnu11;
				GCC_NO_COMMON_BLOCKS = YES;
				GCC_WARN_64_TO_32_BIT_CONVERSION = YES;
				GCC_WARN_ABOUT_RETURN_TYPE = YES_ERROR;
				GCC_WARN_UNDECLARED_SELECTOR = YES;
				GCC_WARN_UNINITIALIZED_AUTOS = YES_AGGRESSIVE;
				GCC_WARN_UNUSED_FUNCTION = YES;
				GCC_WARN_UNUSED_VARIABLE = YES;
				IPHONEOS_DEPLOYMENT_TARGET = 13.4;
				MTL_ENABLE_DEBUG_INFO = NO;
				MTL_FAST_MATH = YES;
				SDKROOT = iphoneos;
				SWIFT_COMPILATION_MODE = wholemodule;
				SWIFT_OPTIMIZATION_LEVEL = "-O";
				VALIDATE_PRODUCT = YES;
			};
			name = Release;
		};
		9FEEB8D124FD51900058F3D3 /* Debug */ = {
			isa = XCBuildConfiguration;
			buildSettings = {
				ASSETCATALOG_COMPILER_APPICON_NAME = AppIcon;
				CODE_SIGN_STYLE = Automatic;
				DEVELOPMENT_TEAM = 5RTZJMVRS2;
				INFOPLIST_FILE = "Game Explorer Design/Info.plist";
				LD_RUNPATH_SEARCH_PATHS = (
					"$(inherited)",
					"@executable_path/Frameworks",
				);
				PRODUCT_BUNDLE_IDENTIFIER = "com.hosam.net.Game-Explorer-Design";
				PRODUCT_NAME = "$(TARGET_NAME)";
				SWIFT_VERSION = 5.0;
				TARGETED_DEVICE_FAMILY = 1;
			};
			name = Debug;
		};
		9FEEB8D224FD51900058F3D3 /* Release */ = {
			isa = XCBuildConfiguration;
			buildSettings = {
				ASSETCATALOG_COMPILER_APPICON_NAME = AppIcon;
				CODE_SIGN_STYLE = Automatic;
				DEVELOPMENT_TEAM = 5RTZJMVRS2;
				INFOPLIST_FILE = "Game Explorer Design/Info.plist";
				LD_RUNPATH_SEARCH_PATHS = (
					"$(inherited)",
					"@executable_path/Frameworks",
				);
				PRODUCT_BUNDLE_IDENTIFIER = "com.hosam.net.Game-Explorer-Design";
				PRODUCT_NAME = "$(TARGET_NAME)";
				SWIFT_VERSION = 5.0;
				TARGETED_DEVICE_FAMILY = 1;
			};
			name = Release;
		};
/* End XCBuildConfiguration section */

/* Begin XCConfigurationList section */
		9FEEB8B724FD518D0058F3D3 /* Build configuration list for PBXProject "Game Explorer Design" */ = {
			isa = XCConfigurationList;
			buildConfigurations = (
				9FEEB8CE24FD51900058F3D3 /* Debug */,
				9FEEB8CF24FD51900058F3D3 /* Release */,
			);
			defaultConfigurationIsVisible = 0;
			defaultConfigurationName = Release;
		};
		9FEEB8D024FD51900058F3D3 /* Build configuration list for PBXNativeTarget "Game Explorer Design" */ = {
			isa = XCConfigurationList;
			buildConfigurations = (
				9FEEB8D124FD51900058F3D3 /* Debug */,
				9FEEB8D224FD51900058F3D3 /* Release */,
			);
			defaultConfigurationIsVisible = 0;
			defaultConfigurationName = Release;
		};
/* End XCConfigurationList section */
	};
	rootObject = 9FEEB8B424FD518D0058F3D3 /* Project object */;
}
